
Microsoft Visual Studio Solution File, Format Version 12.00
# Visual Studio Version 17
VisualStudioVersion = 17.6.33829.357
MinimumVisualStudioVersion = 10.0.40219.1
Project("{8BC9CEB8-8B4A-11D0-8D11-00A0C91BC942}") = "openMP_max", "openMP_max.vcxproj", "{DB06A227-841E-4B99-9A57-9EF55E2ECCAA}"
EndProject
Global
	GlobalSection(SolutionConfigurationPlatforms) = preSolution
		Debug|ARM = Debug|ARM
		Debug|ARM64 = Debug|ARM64
		Debug|x64 = Debug|x64
		Debug|x86 = Debug|x86
		Release|ARM = Release|ARM
		Release|ARM64 = Release|ARM64
		Release|x64 = Release|x64
		Release|x86 = Release|x86
	EndGlobalSection
	GlobalSection(ProjectConfigurationPlatforms) = postSolution
		{DB06A227-841E-4B99-9A57-9EF55E2ECCAA}.Debug|ARM.ActiveCfg = Debug|ARM
		{DB06A227-841E-4B99-9A57-9EF55E2ECCAA}.Debug|ARM.Build.0 = Debug|ARM
		{DB06A227-841E-4B99-9A57-9EF55E2ECCAA}.Debug|ARM.Deploy.0 = Debug|ARM
		{DB06A227-841E-4B99-9A57-9EF55E2ECCAA}.Debug|ARM64.ActiveCfg = Debug|ARM64
		{DB06A227-841E-4B99-9A57-9EF55E2ECCAA}.Debug|ARM64.Build.0 = Debug|ARM64
		{DB06A227-841E-4B99-9A57-9EF55E2ECCAA}.Debug|ARM64.Deploy.0 = Debug|ARM64
		{DB06A227-841E-4B99-9A57-9EF55E2ECCAA}.Debug|x64.ActiveCfg = Debug|x64
		{DB06A227-841E-4B99-9A57-9EF55E2ECCAA}.Debug|x64.Build.0 = Debug|x64
		{DB06A227-841E-4B99-9A57-9EF55E2ECCAA}.Debug|x64.Deploy.0 = Debug|x64
		{DB06A227-841E-4B99-9A57-9EF55E2ECCAA}.Debug|x86.ActiveCfg = Debug|x86
		{DB06A227-841E-4B99-9A57-9EF55E2ECCAA}.Debug|x86.Build.0 = Debug|x86
		{DB06A227-841E-4B99-9A57-9EF55E2ECCAA}.Debug|x86.Deploy.0 = Debug|x86
		{DB06A227-841E-4B99-9A57-9EF55E2ECCAA}.Release|ARM.ActiveCfg = Release|ARM
		{DB06A227-841E-4B99-9A57-9EF55E2ECCAA}.Release|ARM.Build.0 = Release|ARM
		{DB06A227-841E-4B99-9A57-9EF55E2ECCAA}.Release|ARM.Deploy.0 = Release|ARM
		{DB06A227-841E-4B99-9A57-9EF55E2ECCAA}.Release|ARM64.ActiveCfg = Release|ARM64
		{DB06A227-841E-4B99-9A57-9EF55E2ECCAA}.Release|ARM64.Build.0 = Release|ARM64
		{DB06A227-841E-4B99-9A57-9EF55E2ECCAA}.Release|ARM64.Deploy.0 = Release|ARM64
		{DB06A227-841E-4B99-9A57-9EF55E2ECCAA}.Release|x64.ActiveCfg = Release|x64
		{DB06A227-841E-4B99-9A57-9EF55E2ECCAA}.Release|x64.Build.0 = Release|x64
		{DB06A227-841E-4B99-9A57-9EF55E2ECCAA}.Release|x64.Deploy.0 = Release|x64
		{DB06A227-841E-4B99-9A57-9EF55E2ECCAA}.Release|x86.ActiveCfg = Release|x86
		{DB06A227-841E-4B99-9A57-9EF55E2ECCAA}.Release|x86.Build.0 = Release|x86
		{DB06A227-841E-4B99-9A57-9EF55E2ECCAA}.Release|x86.Deploy.0 = Release|x86
	EndGlobalSection
	GlobalSection(SolutionProperties) = preSolution
		HideSolutionNode = FALSE
	EndGlobalSection
	GlobalSection(ExtensibilityGlobals) = postSolution
		SolutionGuid = {C0F174EE-1AE8-416E-BB42-6B22F5803552}
	EndGlobalSection
EndGlobal
