
Microsoft Visual Studio Solution File, Format Version 12.00
# Visual Studio Version 16
VisualStudioVersion = 16.0.31005.135
MinimumVisualStudioVersion = 10.0.40219.1
Project("{888888A0-9F3D-457C-B088-3A5042F75D52}") = "lab_4", "lab_4.pyproj", "{123084BB-6DF1-4137-9920-FE66C0F084DA}"
EndProject
Global
	GlobalSection(SolutionConfigurationPlatforms) = preSolution
		Debug|Any CPU = Debug|Any CPU
		Release|Any CPU = Release|Any CPU
	EndGlobalSection
	GlobalSection(ProjectConfigurationPlatforms) = postSolution
		{123084BB-6DF1-4137-9920-FE66C0F084DA}.Debug|Any CPU.ActiveCfg = Debug|Any CPU
		{123084BB-6DF1-4137-9920-FE66C0F084DA}.Release|Any CPU.ActiveCfg = Release|Any CPU
	EndGlobalSection
	GlobalSection(SolutionProperties) = preSolution
		HideSolutionNode = FALSE
	EndGlobalSection
	GlobalSection(ExtensibilityGlobals) = postSolution
		SolutionGuid = {E9E5514E-8EDC-4C74-9525-88246FAABF9B}
	EndGlobalSection
EndGlobal
