
Microsoft Visual Studio Solution File, Format Version 12.00
# Visual Studio Version 16
VisualStudioVersion = 16.0.31112.23
MinimumVisualStudioVersion = 10.0.40219.1
Project("{888888A0-9F3D-457C-B088-3A5042F75D52}") = "lab_8", "lab_8.pyproj", "{B005565A-1235-4EE3-8B7E-24EFCC3ABCFD}"
EndProject
Global
	GlobalSection(SolutionConfigurationPlatforms) = preSolution
		Debug|Any CPU = Debug|Any CPU
		Release|Any CPU = Release|Any CPU
	EndGlobalSection
	GlobalSection(ProjectConfigurationPlatforms) = postSolution
		{B005565A-1235-4EE3-8B7E-24EFCC3ABCFD}.Debug|Any CPU.ActiveCfg = Debug|Any CPU
		{B005565A-1235-4EE3-8B7E-24EFCC3ABCFD}.Release|Any CPU.ActiveCfg = Release|Any CPU
	EndGlobalSection
	GlobalSection(SolutionProperties) = preSolution
		HideSolutionNode = FALSE
	EndGlobalSection
	GlobalSection(ExtensibilityGlobals) = postSolution
		SolutionGuid = {D702BF22-F638-4A55-A104-19F17B86E082}
	EndGlobalSection
EndGlobal
