
Microsoft Visual Studio Solution File, Format Version 12.00
# Visual Studio Version 16
VisualStudioVersion = 16.0.31005.135
MinimumVisualStudioVersion = 10.0.40219.1
Project("{888888A0-9F3D-457C-B088-3A5042F75D52}") = "lab_5", "lab_5.pyproj", "{1B7F0F2F-DA96-4D3C-A12C-05DA7272F3C6}"
EndProject
Global
	GlobalSection(SolutionConfigurationPlatforms) = preSolution
		Debug|Any CPU = Debug|Any CPU
		Release|Any CPU = Release|Any CPU
	EndGlobalSection
	GlobalSection(ProjectConfigurationPlatforms) = postSolution
		{1B7F0F2F-DA96-4D3C-A12C-05DA7272F3C6}.Debug|Any CPU.ActiveCfg = Debug|Any CPU
		{1B7F0F2F-DA96-4D3C-A12C-05DA7272F3C6}.Release|Any CPU.ActiveCfg = Release|Any CPU
	EndGlobalSection
	GlobalSection(SolutionProperties) = preSolution
		HideSolutionNode = FALSE
	EndGlobalSection
	GlobalSection(ExtensibilityGlobals) = postSolution
		SolutionGuid = {8BC4908A-9F7C-4042-ADEB-22BC6B19DE74}
	EndGlobalSection
EndGlobal
