
Microsoft Visual Studio Solution File, Format Version 12.00
# Visual Studio Version 16
VisualStudioVersion = 16.0.30907.101
MinimumVisualStudioVersion = 10.0.40219.1
Project("{888888A0-9F3D-457C-B088-3A5042F75D52}") = "lab_2", "lab_2.pyproj", "{19294404-6BDA-46A6-AABD-5F20C3B90C1C}"
EndProject
Global
	GlobalSection(SolutionConfigurationPlatforms) = preSolution
		Debug|Any CPU = Debug|Any CPU
		Release|Any CPU = Release|Any CPU
	EndGlobalSection
	GlobalSection(ProjectConfigurationPlatforms) = postSolution
		{19294404-6BDA-46A6-AABD-5F20C3B90C1C}.Debug|Any CPU.ActiveCfg = Debug|Any CPU
		{19294404-6BDA-46A6-AABD-5F20C3B90C1C}.Release|Any CPU.ActiveCfg = Release|Any CPU
	EndGlobalSection
	GlobalSection(SolutionProperties) = preSolution
		HideSolutionNode = FALSE
	EndGlobalSection
	GlobalSection(ExtensibilityGlobals) = postSolution
		SolutionGuid = {3AEC8BB2-8FF2-4B89-8357-A655D29DBB35}
	EndGlobalSection
EndGlobal
